
Microsoft Visual Studio Solution File, Format Version 12.00
Project("{FAE04EC0-301F-11D3-BF4B-00C04F79EFBC}") = "Calendar.gui", "Calendar.gui\Calendar.gui.csproj", "{8084CAB3-263D-4B7E-B5A1-A875E3410905}"
EndProject
Project("{FAE04EC0-301F-11D3-BF4B-00C04F79EFBC}") = "Calendar.lib", "Calendar.lib\Calendar.lib.csproj", "{B7D3D31F-2847-4463-972C-07528CBD8A10}"
EndProject
Project("{FAE04EC0-301F-11D3-BF4B-00C04F79EFBC}") = "Calendar.gui.tests", "Calendar.gui.tests\Calendar.gui.tests.csproj", "{6A85BF7A-C434-4C68-8474-17A13CF43F84}"
EndProject
Project("{2150E333-8FDC-42A3-9474-1A3956D46DE8}") = "UnitTests", "UnitTests", "{CB844E18-7A5C-46A9-A6C6-7E8B1C63C23B}"
EndProject
Project("{2150E333-8FDC-42A3-9474-1A3956D46DE8}") = "Calendar", "Calendar", "{927B9C58-9A05-425E-AD53-9E8E25BCA705}"
EndProject
Project("{FAE04EC0-301F-11D3-BF4B-00C04F79EFBC}") = "Calendar.lib.tests", "Calendar.lib.tests\Calendar.lib.tests.csproj", "{9DFDDFA7-1ADF-44F0-9BCB-CBC6CC4C99A1}"
EndProject
Global
	GlobalSection(SolutionConfigurationPlatforms) = preSolution
		Debug|Any CPU = Debug|Any CPU
		Release|Any CPU = Release|Any CPU
	EndGlobalSection
	GlobalSection(ProjectConfigurationPlatforms) = postSolution
		{8084CAB3-263D-4B7E-B5A1-A875E3410905}.Debug|Any CPU.ActiveCfg = Debug|Any CPU
		{8084CAB3-263D-4B7E-B5A1-A875E3410905}.Debug|Any CPU.Build.0 = Debug|Any CPU
		{8084CAB3-263D-4B7E-B5A1-A875E3410905}.Release|Any CPU.ActiveCfg = Release|Any CPU
		{8084CAB3-263D-4B7E-B5A1-A875E3410905}.Release|Any CPU.Build.0 = Release|Any CPU
		{B7D3D31F-2847-4463-972C-07528CBD8A10}.Debug|Any CPU.ActiveCfg = Debug|Any CPU
		{B7D3D31F-2847-4463-972C-07528CBD8A10}.Debug|Any CPU.Build.0 = Debug|Any CPU
		{B7D3D31F-2847-4463-972C-07528CBD8A10}.Release|Any CPU.ActiveCfg = Release|Any CPU
		{B7D3D31F-2847-4463-972C-07528CBD8A10}.Release|Any CPU.Build.0 = Release|Any CPU
		{6A85BF7A-C434-4C68-8474-17A13CF43F84}.Debug|Any CPU.ActiveCfg = Debug|Any CPU
		{6A85BF7A-C434-4C68-8474-17A13CF43F84}.Debug|Any CPU.Build.0 = Debug|Any CPU
		{6A85BF7A-C434-4C68-8474-17A13CF43F84}.Release|Any CPU.ActiveCfg = Release|Any CPU
		{6A85BF7A-C434-4C68-8474-17A13CF43F84}.Release|Any CPU.Build.0 = Release|Any CPU
		{9DFDDFA7-1ADF-44F0-9BCB-CBC6CC4C99A1}.Debug|Any CPU.ActiveCfg = Debug|Any CPU
		{9DFDDFA7-1ADF-44F0-9BCB-CBC6CC4C99A1}.Debug|Any CPU.Build.0 = Debug|Any CPU
		{9DFDDFA7-1ADF-44F0-9BCB-CBC6CC4C99A1}.Release|Any CPU.ActiveCfg = Release|Any CPU
		{9DFDDFA7-1ADF-44F0-9BCB-CBC6CC4C99A1}.Release|Any CPU.Build.0 = Release|Any CPU
	EndGlobalSection
	GlobalSection(NestedProjects) = preSolution
		{6A85BF7A-C434-4C68-8474-17A13CF43F84} = {CB844E18-7A5C-46A9-A6C6-7E8B1C63C23B}
		{8084CAB3-263D-4B7E-B5A1-A875E3410905} = {927B9C58-9A05-425E-AD53-9E8E25BCA705}
		{B7D3D31F-2847-4463-972C-07528CBD8A10} = {927B9C58-9A05-425E-AD53-9E8E25BCA705}
		{9DFDDFA7-1ADF-44F0-9BCB-CBC6CC4C99A1} = {CB844E18-7A5C-46A9-A6C6-7E8B1C63C23B}
	EndGlobalSection
EndGlobal
